
Microsoft Visual Studio Solution File, Format Version 12.00
# Visual Studio 15
VisualStudioVersion = 15.0.28307.852
MinimumVisualStudioVersion = 10.0.40219.1
Project("{FAE04EC0-301F-11D3-BF4B-00C04F79EFBC}") = "LMVZ", "LMVZ\LMVZ.csproj", "{9FB1EBA7-63B0-48B4-A6E5-3B2EE13983EC}"
EndProject
Global
	GlobalSection(SolutionConfigurationPlatforms) = preSolution
		Debug|Any CPU = Debug|Any CPU
		Release|Any CPU = Release|Any CPU
	EndGlobalSection
	GlobalSection(ProjectConfigurationPlatforms) = postSolution
		{9FB1EBA7-63B0-48B4-A6E5-3B2EE13983EC}.Debug|Any CPU.ActiveCfg = Debug|Any CPU
		{9FB1EBA7-63B0-48B4-A6E5-3B2EE13983EC}.Debug|Any CPU.Build.0 = Debug|Any CPU
		{9FB1EBA7-63B0-48B4-A6E5-3B2EE13983EC}.Release|Any CPU.ActiveCfg = Release|Any CPU
		{9FB1EBA7-63B0-48B4-A6E5-3B2EE13983EC}.Release|Any CPU.Build.0 = Release|Any CPU
	EndGlobalSection
	GlobalSection(SolutionProperties) = preSolution
		HideSolutionNode = FALSE
	EndGlobalSection
	GlobalSection(ExtensibilityGlobals) = postSolution
		SolutionGuid = {DB7D7264-3841-48D3-9D06-365D53D31CCC}
	EndGlobalSection
EndGlobal
